
Microsoft Visual Studio Solution File, Format Version 12.00
# Visual Studio Version 16
VisualStudioVersion = 16.0.32228.343
MinimumVisualStudioVersion = 10.0.40219.1
Project("{9A19103F-16F7-4668-BE54-9A1E7A4F7556}") = "TiendaServicios.Api.Autor", "TiendaServicios.Api.Autor\TiendaServicios.Api.Autor.csproj", "{8C43F033-6F8E-48F7-81A3-C5FE3CB71097}"
EndProject
Project("{9A19103F-16F7-4668-BE54-9A1E7A4F7556}") = "TiendaServicios.Api.Libro", "TiendaServicios.Api.Libro\TiendaServicios.Api.Libro.csproj", "{B4A5D42F-37EE-46AE-A9B2-60FDF9AE1F23}"
EndProject
Project("{9A19103F-16F7-4668-BE54-9A1E7A4F7556}") = "TiendaServicios.Api.CarritosCompra", "TiendaServicios.Api.CarritosCompra\TiendaServicios.Api.CarritosCompra.csproj", "{63E59899-183A-4581-90DF-D74A6DC2A810}"
EndProject
Project("{9A19103F-16F7-4668-BE54-9A1E7A4F7556}") = "TiendaServicios.Api.Libro.test", "TiendaServicios.Api.Libro.test\TiendaServicios.Api.Libro.test.csproj", "{46F73C24-739A-4198-9BAB-FDC6E0C78366}"
EndProject
Project("{E53339B2-1760-4266-BCC7-CA923CBCF16C}") = "docker-compose", "docker-compose.dcproj", "{1232BAAC-141D-4853-A313-9FEDAAB79006}"
EndProject
Project("{9A19103F-16F7-4668-BE54-9A1E7A4F7556}") = "TiendaServicios.Api.Gateway", "TiendaServicios.Api.Gateway\TiendaServicios.Api.Gateway.csproj", "{1235E538-2FE4-48C5-80E6-DE24C57813D5}"
EndProject
Project("{FAE04EC0-301F-11D3-BF4B-00C04F79EFBC}") = "TiendaServicios.RabbitMQ.Bus", "..\TiendaServicios.RabbitMQ.Bus\TiendaServicios.RabbitMQ.Bus.csproj", "{C0C7F0E8-4EAE-4E2C-A127-DD276EE17D4E}"
EndProject
Global
	GlobalSection(SolutionConfigurationPlatforms) = preSolution
		Debug|Any CPU = Debug|Any CPU
		Release|Any CPU = Release|Any CPU
	EndGlobalSection
	GlobalSection(ProjectConfigurationPlatforms) = postSolution
		{8C43F033-6F8E-48F7-81A3-C5FE3CB71097}.Debug|Any CPU.ActiveCfg = Debug|Any CPU
		{8C43F033-6F8E-48F7-81A3-C5FE3CB71097}.Debug|Any CPU.Build.0 = Debug|Any CPU
		{8C43F033-6F8E-48F7-81A3-C5FE3CB71097}.Release|Any CPU.ActiveCfg = Release|Any CPU
		{8C43F033-6F8E-48F7-81A3-C5FE3CB71097}.Release|Any CPU.Build.0 = Release|Any CPU
		{B4A5D42F-37EE-46AE-A9B2-60FDF9AE1F23}.Debug|Any CPU.ActiveCfg = Debug|Any CPU
		{B4A5D42F-37EE-46AE-A9B2-60FDF9AE1F23}.Debug|Any CPU.Build.0 = Debug|Any CPU
		{B4A5D42F-37EE-46AE-A9B2-60FDF9AE1F23}.Release|Any CPU.ActiveCfg = Release|Any CPU
		{B4A5D42F-37EE-46AE-A9B2-60FDF9AE1F23}.Release|Any CPU.Build.0 = Release|Any CPU
		{63E59899-183A-4581-90DF-D74A6DC2A810}.Debug|Any CPU.ActiveCfg = Debug|Any CPU
		{63E59899-183A-4581-90DF-D74A6DC2A810}.Debug|Any CPU.Build.0 = Debug|Any CPU
		{63E59899-183A-4581-90DF-D74A6DC2A810}.Release|Any CPU.ActiveCfg = Release|Any CPU
		{63E59899-183A-4581-90DF-D74A6DC2A810}.Release|Any CPU.Build.0 = Release|Any CPU
		{46F73C24-739A-4198-9BAB-FDC6E0C78366}.Debug|Any CPU.ActiveCfg = Debug|Any CPU
		{46F73C24-739A-4198-9BAB-FDC6E0C78366}.Debug|Any CPU.Build.0 = Debug|Any CPU
		{46F73C24-739A-4198-9BAB-FDC6E0C78366}.Release|Any CPU.ActiveCfg = Release|Any CPU
		{46F73C24-739A-4198-9BAB-FDC6E0C78366}.Release|Any CPU.Build.0 = Release|Any CPU
		{1232BAAC-141D-4853-A313-9FEDAAB79006}.Debug|Any CPU.ActiveCfg = Debug|Any CPU
		{1232BAAC-141D-4853-A313-9FEDAAB79006}.Debug|Any CPU.Build.0 = Debug|Any CPU
		{1232BAAC-141D-4853-A313-9FEDAAB79006}.Release|Any CPU.ActiveCfg = Release|Any CPU
		{1232BAAC-141D-4853-A313-9FEDAAB79006}.Release|Any CPU.Build.0 = Release|Any CPU
		{1235E538-2FE4-48C5-80E6-DE24C57813D5}.Debug|Any CPU.ActiveCfg = Debug|Any CPU
		{1235E538-2FE4-48C5-80E6-DE24C57813D5}.Debug|Any CPU.Build.0 = Debug|Any CPU
		{1235E538-2FE4-48C5-80E6-DE24C57813D5}.Release|Any CPU.ActiveCfg = Release|Any CPU
		{1235E538-2FE4-48C5-80E6-DE24C57813D5}.Release|Any CPU.Build.0 = Release|Any CPU
		{C0C7F0E8-4EAE-4E2C-A127-DD276EE17D4E}.Debug|Any CPU.ActiveCfg = Debug|Any CPU
		{C0C7F0E8-4EAE-4E2C-A127-DD276EE17D4E}.Debug|Any CPU.Build.0 = Debug|Any CPU
		{C0C7F0E8-4EAE-4E2C-A127-DD276EE17D4E}.Release|Any CPU.ActiveCfg = Release|Any CPU
		{C0C7F0E8-4EAE-4E2C-A127-DD276EE17D4E}.Release|Any CPU.Build.0 = Release|Any CPU
	EndGlobalSection
	GlobalSection(SolutionProperties) = preSolution
		HideSolutionNode = FALSE
	EndGlobalSection
	GlobalSection(ExtensibilityGlobals) = postSolution
		SolutionGuid = {2EE585BD-4AFE-4B8B-BC7F-6AFDBD6A930B}
	EndGlobalSection
EndGlobal
